
Microsoft Visual Studio Solution File, Format Version 12.00
# Visual Studio Version 16
VisualStudioVersion = 16.0.30503.244
MinimumVisualStudioVersion = 10.0.40219.1
Project("{9A19103F-16F7-4668-BE54-9A1E7A4F7556}") = "YoutubeSearchApi.Net", "YoutubeSearchApi.Net\YoutubeSearchApi.Net.csproj", "{E8DD0D0C-59AE-43C2-923C-8A5810BE779C}"
EndProject
Project("{9A19103F-16F7-4668-BE54-9A1E7A4F7556}") = "Test", "Tests\Test.csproj", "{C870CC27-433D-4C42-858D-055ECAA6425E}"
EndProject
Global
	GlobalSection(SolutionConfigurationPlatforms) = preSolution
		Debug|Any CPU = Debug|Any CPU
		Release|Any CPU = Release|Any CPU
	EndGlobalSection
	GlobalSection(ProjectConfigurationPlatforms) = postSolution
		{E8DD0D0C-59AE-43C2-923C-8A5810BE779C}.Debug|Any CPU.ActiveCfg = Debug|Any CPU
		{E8DD0D0C-59AE-43C2-923C-8A5810BE779C}.Debug|Any CPU.Build.0 = Debug|Any CPU
		{E8DD0D0C-59AE-43C2-923C-8A5810BE779C}.Release|Any CPU.ActiveCfg = Release|Any CPU
		{E8DD0D0C-59AE-43C2-923C-8A5810BE779C}.Release|Any CPU.Build.0 = Release|Any CPU
		{C870CC27-433D-4C42-858D-055ECAA6425E}.Debug|Any CPU.ActiveCfg = Debug|Any CPU
		{C870CC27-433D-4C42-858D-055ECAA6425E}.Debug|Any CPU.Build.0 = Debug|Any CPU
		{C870CC27-433D-4C42-858D-055ECAA6425E}.Release|Any CPU.ActiveCfg = Release|Any CPU
		{C870CC27-433D-4C42-858D-055ECAA6425E}.Release|Any CPU.Build.0 = Release|Any CPU
	EndGlobalSection
	GlobalSection(SolutionProperties) = preSolution
		HideSolutionNode = FALSE
	EndGlobalSection
	GlobalSection(ExtensibilityGlobals) = postSolution
		SolutionGuid = {992D3137-F335-4E29-8780-712BB20892F9}
	EndGlobalSection
EndGlobal
